
Microsoft Visual Studio Solution File, Format Version 12.00
# Visual Studio Version 17
VisualStudioVersion = 17.14.36414.22 d17.14
MinimumVisualStudioVersion = 10.0.40219.1
Project("{888888A0-9F3D-457C-B088-3A5042F75D52}") = "tic tac toe", "tic tac toe\tic tac toe.pyproj", "{BA059FBC-D603-49F6-8C7D-7540EFD057B1}"
EndProject
Global
	GlobalSection(SolutionConfigurationPlatforms) = preSolution
		Debug|Any CPU = Debug|Any CPU
		Release|Any CPU = Release|Any CPU
	EndGlobalSection
	GlobalSection(ProjectConfigurationPlatforms) = postSolution
		{BA059FBC-D603-49F6-8C7D-7540EFD057B1}.Debug|Any CPU.ActiveCfg = Debug|Any CPU
		{BA059FBC-D603-49F6-8C7D-7540EFD057B1}.Release|Any CPU.ActiveCfg = Release|Any CPU
	EndGlobalSection
	GlobalSection(SolutionProperties) = preSolution
		HideSolutionNode = FALSE
	EndGlobalSection
	GlobalSection(ExtensibilityGlobals) = postSolution
		SolutionGuid = {E15223F0-67D1-4B13-B4EC-3CFBEB724C1D}
	EndGlobalSection
EndGlobal
